# This file was autogenerated by Stack.
# You should not edit this file by hand.
# For more information, please see the documentation at:
#   https://docs.haskellstack.org/en/stable/topics/lock_files

packages:
- completed:
    name: beeline-params
    pantry-tree:
      sha256: 45904abe4737db4c3a8600bb6a2a0900085f58165c03f8e5e1249cbdd04d2bef
      size: 1069
    sha256: 24eb20b509eeb14ca9a64d9e9c00cf13b805c178b3a938304f82159cd9d4a6ff
    size: 34812
    subdir: beeline-params
    url: https://github.com/flipstone/beeline/archive/ad51a5197ba71b44f27fd760c6c241ac67f0a52f.tar.gz
    version: 0.1.0.1
  original:
    subdir: beeline-params
    url: https://github.com/flipstone/beeline/archive/ad51a5197ba71b44f27fd760c6c241ac67f0a52f.tar.gz
- completed:
    name: beeline-routing
    pantry-tree:
      sha256: 447f2eaffee4cc4d8763c89d1f1c80e4b90e73c6556c644c9949d04508ff3cd2
      size: 1119
    sha256: 24eb20b509eeb14ca9a64d9e9c00cf13b805c178b3a938304f82159cd9d4a6ff
    size: 34812
    subdir: beeline-routing
    url: https://github.com/flipstone/beeline/archive/ad51a5197ba71b44f27fd760c6c241ac67f0a52f.tar.gz
    version: 0.3.0.1
  original:
    subdir: beeline-routing
    url: https://github.com/flipstone/beeline/archive/ad51a5197ba71b44f27fd760c6c241ac67f0a52f.tar.gz
- completed:
    name: beeline-http-client
    pantry-tree:
      sha256: bf286adfffe7795c07a058a162f112d1fd48f42c4aa72c74e80ac9f8ddd2ed21
      size: 725
    sha256: 24eb20b509eeb14ca9a64d9e9c00cf13b805c178b3a938304f82159cd9d4a6ff
    size: 34812
    subdir: beeline-http-client
    url: https://github.com/flipstone/beeline/archive/ad51a5197ba71b44f27fd760c6c241ac67f0a52f.tar.gz
    version: 0.9.0.1
  original:
    subdir: beeline-http-client
    url: https://github.com/flipstone/beeline/archive/ad51a5197ba71b44f27fd760c6c241ac67f0a52f.tar.gz
- completed:
    name: shrubbery
    pantry-tree:
      sha256: d16c6b171d9b360098760d2c2269ded8eaae823ed9aa5c7a36598673e83fb9e3
      size: 2834
    sha256: 8bb3b52a8f9cb3f6edc5ee0c4584c81187b05966d59d718a247a6707479e2e33
    size: 30344
    url: https://github.com/flipstone/shrubbery/archive/a064ede07e01b753a6eb310fc24d9fd8da1ad826.tar.gz
    version: 0.2.3.1
  original:
    url: https://github.com/flipstone/shrubbery/archive/a064ede07e01b753a6eb310fc24d9fd8da1ad826.tar.gz
- completed:
    hackage: hermes-json-0.7.0.0@sha256:d1fe74cc26fc7c4de12e4eab2bb74cda4eb9b4dc311c297caa23e40bdb1bd3b6,3943
    pantry-tree:
      sha256: 77f7eb467a7a8fdd0b73b2bc1a51c309fd32fbcd063d99a14540cda34f3926c1
      size: 1332
  original:
    hackage: hermes-json-0.7.0.0@sha256:d1fe74cc26fc7c4de12e4eab2bb74cda4eb9b4dc311c297caa23e40bdb1bd3b6,3943
- completed:
    hackage: integer-conversion-0.1.1@sha256:941d4ae16e2124cbff5defe2abedb49efc8e03a594f817035bf231a317e6c1c9,2256
    pantry-tree:
      sha256: ab835ea8b75174756011724bc1cb61ae09aa5af97743dbaa3bb2087f4e5ddab4
      size: 509
  original:
    hackage: integer-conversion-0.1.1@sha256:941d4ae16e2124cbff5defe2abedb49efc8e03a594f817035bf231a317e6c1c9,2256
- completed:
    hackage: non-empty-text-0.2.1@sha256:df9629af4ad53af59dc0bfb5995c0500aaa656c884485560e9115152f7495c20,2438
    pantry-tree:
      sha256: d8304ffcf168785e1a9d91c9f49bec92eacb43890ad31a48893861ff8de223ed
      size: 400
  original:
    hackage: non-empty-text-0.2.1@sha256:df9629af4ad53af59dc0bfb5995c0500aaa656c884485560e9115152f7495c20,2438
- completed:
    hackage: text-iso8601-0.1.1@sha256:e07a625eef969338992bf9bba8e5dc73f07ac65f991ba636b8f1175890d15849,2411
    pantry-tree:
      sha256: 9c5a84ee44200595bcd73d22457ef245a7a09d6ba72e22e97123e8158ce8f036
      size: 427
  original:
    hackage: text-iso8601-0.1.1@sha256:e07a625eef969338992bf9bba8e5dc73f07ac65f991ba636b8f1175890d15849,2411
- completed:
    hackage: primitive-0.9.1.0@sha256:dfdd6572944c11e69208237dd32a2eb9d975b4f4e9064a7b8dc952cb0e256846,3119
    pantry-tree:
      sha256: bb4a27a63645ef32b7533869c303b16ae9dd58962ccaa86bebe1c06fd7e18301
      size: 1793
  original:
    hackage: primitive-0.9.1.0@sha256:dfdd6572944c11e69208237dd32a2eb9d975b4f4e9064a7b8dc952cb0e256846,3119
snapshots:
- completed:
    sha256: a81fb3877c4f9031e1325eb3935122e608d80715dc16b586eb11ddbff8671ecd
    size: 640086
    url: https://raw.githubusercontent.com/commercialhaskell/stackage-snapshots/master/lts/21/25.yaml
  original: lts-21.25
