# This file was autogenerated by Stack.
# You should not edit this file by hand.
# For more information, please see the documentation at:
#   https://docs.haskellstack.org/en/stable/topics/lock_files

packages:
- completed:
    name: beeline-params
    pantry-tree:
      sha256: 44791687ad987b596ff02fd1776386bef293a27e097c7c589a3bb76a9a81f200
      size: 1210
    sha256: a7b2100e53385cca5258727c09c87c070d9ec6bee9869f13b67cef516cd15435
    size: 36309
    subdir: beeline-params
    url: https://github.com/flipstone/beeline/archive/2abc1e519e6090407cde246e889828137e50a86f.tar.gz
    version: 0.3.0.0
  original:
    subdir: beeline-params
    url: https://github.com/flipstone/beeline/archive/2abc1e519e6090407cde246e889828137e50a86f.tar.gz
- completed:
    name: beeline-routing
    pantry-tree:
      sha256: 555ab8a55094ffa801fa8ee8e8fc9b11ec21c08cff29e5dc152ae7f171fa3ccd
      size: 1119
    sha256: a7b2100e53385cca5258727c09c87c070d9ec6bee9869f13b67cef516cd15435
    size: 36309
    subdir: beeline-routing
    url: https://github.com/flipstone/beeline/archive/2abc1e519e6090407cde246e889828137e50a86f.tar.gz
    version: 0.3.0.2
  original:
    subdir: beeline-routing
    url: https://github.com/flipstone/beeline/archive/2abc1e519e6090407cde246e889828137e50a86f.tar.gz
- completed:
    name: beeline-http-client
    pantry-tree:
      sha256: fb7c6a76d68e12173b4a0a5d7f9ad282dea0c092773d26b8e4998756b0de2713
      size: 725
    sha256: a7b2100e53385cca5258727c09c87c070d9ec6bee9869f13b67cef516cd15435
    size: 36309
    subdir: beeline-http-client
    url: https://github.com/flipstone/beeline/archive/2abc1e519e6090407cde246e889828137e50a86f.tar.gz
    version: 0.9.0.2
  original:
    subdir: beeline-http-client
    url: https://github.com/flipstone/beeline/archive/2abc1e519e6090407cde246e889828137e50a86f.tar.gz
- completed:
    name: shrubbery
    pantry-tree:
      sha256: 3f952a81c5e7d21b840b16cbf5f11a37dd2e6c28601ff642264e0a16d0d56fe3
      size: 2924
    sha256: 0889dbd453d50e7e000a9137730d49fe6eed355ce08d3206525fab57b45e1a1b
    size: 30241
    url: https://github.com/flipstone/shrubbery/archive/8e9dfb0f84a1e11e2e6fc8e10297e06c71939855.tar.gz
    version: 0.2.3.2
  original:
    url: https://github.com/flipstone/shrubbery/archive/8e9dfb0f84a1e11e2e6fc8e10297e06c71939855.tar.gz
- completed:
    name: bounded-text
    pantry-tree:
      sha256: f96d276efc5209ff50e737ee3cba2cd5ebb273a701864ef5419144c811ff1455
      size: 2162
    sha256: bcd338c8386d4a18515c049e61e683673eaada8e1c4855631fb66c3a5ed889dc
    size: 11893
    url: https://github.com/flipstone/bounded-text/archive/f31ad5f2e5f1249d9b09c158736e489397a9afcd.tar.gz
    version: 0.1.2.0
  original:
    url: https://github.com/flipstone/bounded-text/archive/f31ad5f2e5f1249d9b09c158736e489397a9afcd.tar.gz
- completed:
    hackage: template-haskell-lift-0.1.0.0@sha256:f6cd3ee45b0c68480c400bfca9f08f39e8e87a5eb823f206dbe06ab1923a4f1c,1136
    pantry-tree:
      sha256: 56ab994094c839bebb643ce5fc58dfae6269517ebe91f380e259adaf1def08bf
      size: 243
  original:
    hackage: template-haskell-lift-0.1.0.0
- completed:
    hackage: template-haskell-quasiquoter-0.1.0.0@sha256:71027c432c0fb1a293d0f2b1d46dd5be42b9703b7c4b2233ea8076bfc6f84aae,1181
    pantry-tree:
      sha256: f9f5177a522cc273c001dd5bd749e4f7ed841910c6136711b9b9825bc0bc9c56
      size: 257
  original:
    hackage: template-haskell-quasiquoter-0.1.0.0
- completed:
    hackage: hermes-json-0.8.0.0@sha256:5e688000f0bd4166043564382994b3d2a856d211de82cf4006cfc5646d8327ca,3756
    pantry-tree:
      sha256: 974b081c935f5b2a85973b0214ac64d490ef96bc5104ccbe8af420d2f3a1999c
      size: 1332
  original:
    hackage: hermes-json-0.8.0.0
snapshots:
- completed:
    sha256: 6ef23a49b8110fe1d2564dc1d0952d190dbaa8aea4019183df1db3ae0a531790
    size: 759079
    url: https://raw.githubusercontent.com/commercialhaskell/stackage-snapshots/master/nightly/2026/7/21.yaml
  original: nightly-2026-07-21
