# This file was autogenerated by Stack.
# You should not edit this file by hand.
# For more information, please see the documentation at:
#   https://docs.haskellstack.org/en/stable/lock_files

packages:
- completed:
    commit: 5bc5bf7a6244339c8b1c791309978c992cfe79bc
    git: https://github.com/flipstone/beeline
    name: beeline-routing
    pantry-tree:
      sha256: f92a4e102a6ee4da494579778234dd86f228a9bb9fc945919f42764d11372516
      size: 1174
    subdir: beeline-routing
    version: 0.2.4.0
  original:
    commit: 5bc5bf7a6244339c8b1c791309978c992cfe79bc
    git: https://github.com/flipstone/beeline
    subdir: beeline-routing
- completed:
    commit: 5bc5bf7a6244339c8b1c791309978c992cfe79bc
    git: https://github.com/flipstone/beeline
    name: beeline-http-client
    pantry-tree:
      sha256: 003653d3a0cfe9ead5e3e98ef277d32e9ac2000b4079069820b1d6cb597b9790
      size: 718
    subdir: beeline-http-client
    version: 0.8.0.0
  original:
    commit: 5bc5bf7a6244339c8b1c791309978c992cfe79bc
    git: https://github.com/flipstone/beeline
    subdir: beeline-http-client
- completed:
    commit: 328107d50990f9ba7e63974cabab0575813af2cc
    git: https://github.com/flipstone/shrubbery
    name: shrubbery
    pantry-tree:
      sha256: c8b292e8674673962baec3d495ba4d20089dbfa75104743d55df80ed6755b7c1
      size: 1605
    version: 0.1.2.0
  original:
    commit: 328107d50990f9ba7e63974cabab0575813af2cc
    git: https://github.com/flipstone/shrubbery
- completed:
    hackage: non-empty-text-0.2.0@sha256:7d1c1f9a11c78c00c656269f940d2fcccd3c2eaf6b619f66bb83a9ea72decc1f,2438
    pantry-tree:
      sha256: 303f637d7ca4c4573c8d861282b07b172959c8d3f3aa531b0462f3d08b9669d1
      size: 400
  original:
    hackage: non-empty-text-0.2.0@sha256:7d1c1f9a11c78c00c656269f940d2fcccd3c2eaf6b619f66bb83a9ea72decc1f,2438
- completed:
    hackage: hermes-json-0.6.1.0@sha256:ab54609e63a83a8e07900360de60ba1e197ea499fa5d3eb782eed980ee07545b,3856
    pantry-tree:
      sha256: f7d164e4949316aec0ec1364fcaa2b7bcb52249c60d0ecb5f323d91d3a22b75b
      size: 1387
  original:
    hackage: hermes-json-0.6.1.0@sha256:ab54609e63a83a8e07900360de60ba1e197ea499fa5d3eb782eed980ee07545b,3856
- completed:
    hackage: integer-conversion-0.1.0.1@sha256:0e57a82635323f015b5d6c242bcfbbeeaa9854fe9c8058e57052254dbb24bb14,2250
    pantry-tree:
      sha256: 5684bd08f7edbadbff77d84075b37cdf41309bd8a0dc23bcea6ffbf4497adb7f
      size: 509
  original:
    hackage: integer-conversion-0.1.0.1
- completed:
    hackage: text-iso8601-0.1@sha256:fc10d8de72fc094d0d299644f17421b9430d1c1092a1355c7f0c02d8b6edf6a7,2371
    pantry-tree:
      sha256: f72aa62f5f4d1155b3d3f35e8227548a27cee83fb5d0742564b5ef26597f1431
      size: 427
  original:
    hackage: text-iso8601-0.1@sha256:fc10d8de72fc094d0d299644f17421b9430d1c1092a1355c7f0c02d8b6edf6a7,2371
snapshots:
- completed:
    sha256: fb482b8e2d5d061cdda4ba1da2957c012740c893a5ee1c1b99001adae7b1fbe7
    size: 640046
    url: https://raw.githubusercontent.com/commercialhaskell/stackage-snapshots/master/lts/21/19.yaml
  original:
    url: https://raw.githubusercontent.com/commercialhaskell/stackage-snapshots/master/lts/21/19.yaml
