# This file was autogenerated by Stack.
# You should not edit this file by hand.
# For more information, please see the documentation at:
#   https://docs.haskellstack.org/en/stable/topics/lock_files

packages:
- completed:
    name: beeline-params
    pantry-tree:
      sha256: 44791687ad987b596ff02fd1776386bef293a27e097c7c589a3bb76a9a81f200
      size: 1210
    sha256: 62e4e6ba7cad47c018785922da613b0e506d174992595705ef3e0d7df7f85af8
    size: 37519
    subdir: beeline-params
    url: https://github.com/flipstone/beeline/archive/b68cf19a70fb33d69fe1c239c0782ac54fdac796.tar.gz
    version: 0.3.0.0
  original:
    subdir: beeline-params
    url: https://github.com/flipstone/beeline/archive/b68cf19a70fb33d69fe1c239c0782ac54fdac796.tar.gz
- completed:
    name: beeline-routing
    pantry-tree:
      sha256: 5f4fb68613f178f5a7df8a6552c4f8e80c9986a6be891e89c6834383a3d9629b
      size: 1119
    sha256: 62e4e6ba7cad47c018785922da613b0e506d174992595705ef3e0d7df7f85af8
    size: 37519
    subdir: beeline-routing
    url: https://github.com/flipstone/beeline/archive/b68cf19a70fb33d69fe1c239c0782ac54fdac796.tar.gz
    version: 0.3.0.3
  original:
    subdir: beeline-routing
    url: https://github.com/flipstone/beeline/archive/b68cf19a70fb33d69fe1c239c0782ac54fdac796.tar.gz
- completed:
    name: beeline-http-client
    pantry-tree:
      sha256: d002173754a8608a446e7cb241bd64d771ce82151068d936227b2ccecb2ea95d
      size: 725
    sha256: 62e4e6ba7cad47c018785922da613b0e506d174992595705ef3e0d7df7f85af8
    size: 37519
    subdir: beeline-http-client
    url: https://github.com/flipstone/beeline/archive/b68cf19a70fb33d69fe1c239c0782ac54fdac796.tar.gz
    version: 0.11.0.0
  original:
    subdir: beeline-http-client
    url: https://github.com/flipstone/beeline/archive/b68cf19a70fb33d69fe1c239c0782ac54fdac796.tar.gz
- completed:
    name: shrubbery
    pantry-tree:
      sha256: f3b83815f67583d8000adfec0b072fddc145be541c7e82539fd9342693f17c7e
      size: 3048
    sha256: 5e018f1e9dfae2cb6a2850b03f610055ac2c54f339d1b749ad70c36854bdd807
    size: 31094
    url: https://github.com/flipstone/shrubbery/archive/ad4f362342e26cbbf2875b32b288ccd63b76633d.tar.gz
    version: 0.3.0.0
  original:
    url: https://github.com/flipstone/shrubbery/archive/ad4f362342e26cbbf2875b32b288ccd63b76633d.tar.gz
- completed:
    name: bounded-text
    pantry-tree:
      sha256: e98540b1877ae4709420472f83e8fd04b987eaeb914df72bb33b0bbe55debac2
      size: 2162
    sha256: 29c500737d8e481fe2e3325fe643a9cafc565ffd06b754bf14219f579d927f5d
    size: 11885
    url: https://github.com/flipstone/bounded-text/archive/3ef94eeda5402857423284d0c4e021a8c8032498.tar.gz
    version: 0.1.2.0
  original:
    url: https://github.com/flipstone/bounded-text/archive/3ef94eeda5402857423284d0c4e021a8c8032498.tar.gz
- completed:
    hackage: template-haskell-lift-0.1.0.0@sha256:f6cd3ee45b0c68480c400bfca9f08f39e8e87a5eb823f206dbe06ab1923a4f1c,1136
    pantry-tree:
      sha256: 56ab994094c839bebb643ce5fc58dfae6269517ebe91f380e259adaf1def08bf
      size: 243
  original:
    hackage: template-haskell-lift-0.1.0.0
- completed:
    hackage: template-haskell-quasiquoter-0.1.0.0@sha256:71027c432c0fb1a293d0f2b1d46dd5be42b9703b7c4b2233ea8076bfc6f84aae,1181
    pantry-tree:
      sha256: f9f5177a522cc273c001dd5bd749e4f7ed841910c6136711b9b9825bc0bc9c56
      size: 257
  original:
    hackage: template-haskell-quasiquoter-0.1.0.0
- completed:
    hackage: hermes-json-0.7.0.0@sha256:d1fe74cc26fc7c4de12e4eab2bb74cda4eb9b4dc311c297caa23e40bdb1bd3b6,3943
    pantry-tree:
      sha256: 77f7eb467a7a8fdd0b73b2bc1a51c309fd32fbcd063d99a14540cda34f3926c1
      size: 1332
  original:
    hackage: hermes-json-0.7.0.0@sha256:d1fe74cc26fc7c4de12e4eab2bb74cda4eb9b4dc311c297caa23e40bdb1bd3b6,3943
snapshots:
- completed:
    sha256: 7e724f347d5969cb5e8dde9f9aae30996e3231c29d1dafd45f21f1700d4c4fcb
    size: 684460
    url: https://raw.githubusercontent.com/commercialhaskell/stackage-snapshots/master/lts/23/28.yaml
  original: lts-23.28
