# This file was autogenerated by Stack.
# You should not edit this file by hand.
# For more information, please see the documentation at:
#   https://docs.haskellstack.org/en/stable/topics/lock_files

packages:
- completed:
    name: beeline-routing
    pantry-tree:
      sha256: 4e3af43612d5feacce7c28fa7093c76358d257cf2ce9c5e0321eb6d9888ef195
      size: 1174
    sha256: 242b7d2b5e39800e20789c62f4e50dd6d4171bf717d3ce6d9df864f4da04e48f
    size: 24824
    subdir: beeline-routing
    url: https://github.com/flipstone/beeline/archive/120c480601f8c348a4b3250fe8e31fa7fc2c9885.tar.gz
    version: 0.2.4.1
  original:
    subdir: beeline-routing
    url: https://github.com/flipstone/beeline/archive/120c480601f8c348a4b3250fe8e31fa7fc2c9885.tar.gz
- completed:
    name: beeline-http-client
    pantry-tree:
      sha256: 0361a00dc6a163d6b0f1cb1d9be536e6cffd59bef09c40df81354442d097ef51
      size: 718
    sha256: 242b7d2b5e39800e20789c62f4e50dd6d4171bf717d3ce6d9df864f4da04e48f
    size: 24824
    subdir: beeline-http-client
    url: https://github.com/flipstone/beeline/archive/120c480601f8c348a4b3250fe8e31fa7fc2c9885.tar.gz
    version: 0.8.0.1
  original:
    subdir: beeline-http-client
    url: https://github.com/flipstone/beeline/archive/120c480601f8c348a4b3250fe8e31fa7fc2c9885.tar.gz
- completed:
    name: shrubbery
    pantry-tree:
      sha256: 5759b7adbf312f3aeaba79542cfe4165d59b79c12767caea4b04e54d7706f184
      size: 1739
    sha256: 72ba35c6f9078f82e9e9e2b008efc457abbcf78b7088f5c51c8f86dbe34d7895
    size: 25744
    url: https://github.com/flipstone/shrubbery/archive/40a2bbe88ac99ec6fbad7a40e331a1f624e70850.tar.gz
    version: 0.2.2.1
  original:
    url: https://github.com/flipstone/shrubbery/archive/40a2bbe88ac99ec6fbad7a40e331a1f624e70850.tar.gz
- completed:
    hackage: hermes-json-0.6.1.0@sha256:ab54609e63a83a8e07900360de60ba1e197ea499fa5d3eb782eed980ee07545b,3856
    pantry-tree:
      sha256: f7d164e4949316aec0ec1364fcaa2b7bcb52249c60d0ecb5f323d91d3a22b75b
      size: 1387
  original:
    hackage: hermes-json-0.6.1.0@sha256:ab54609e63a83a8e07900360de60ba1e197ea499fa5d3eb782eed980ee07545b,3856
snapshots:
- completed:
    sha256: 6c5aeace2ca5ecde793a9e0acfaa730ec8f384aa2f6183a2a252f5f9ec55d623
    size: 720039
    url: https://raw.githubusercontent.com/commercialhaskell/stackage-snapshots/master/lts/22/39.yaml
  original: lts-22.39
