# This file was autogenerated by Stack.
# You should not edit this file by hand.
# For more information, please see the documentation at:
#   https://docs.haskellstack.org/en/stable/topics/lock_files

packages:
- completed:
    name: beeline-params
    pantry-tree:
      sha256: 45904abe4737db4c3a8600bb6a2a0900085f58165c03f8e5e1249cbdd04d2bef
      size: 1069
    sha256: 24eb20b509eeb14ca9a64d9e9c00cf13b805c178b3a938304f82159cd9d4a6ff
    size: 34812
    subdir: beeline-params
    url: https://github.com/flipstone/beeline/archive/ad51a5197ba71b44f27fd760c6c241ac67f0a52f.tar.gz
    version: 0.1.0.1
  original:
    subdir: beeline-params
    url: https://github.com/flipstone/beeline/archive/ad51a5197ba71b44f27fd760c6c241ac67f0a52f.tar.gz
- completed:
    name: beeline-routing
    pantry-tree:
      sha256: 447f2eaffee4cc4d8763c89d1f1c80e4b90e73c6556c644c9949d04508ff3cd2
      size: 1119
    sha256: 24eb20b509eeb14ca9a64d9e9c00cf13b805c178b3a938304f82159cd9d4a6ff
    size: 34812
    subdir: beeline-routing
    url: https://github.com/flipstone/beeline/archive/ad51a5197ba71b44f27fd760c6c241ac67f0a52f.tar.gz
    version: 0.3.0.1
  original:
    subdir: beeline-routing
    url: https://github.com/flipstone/beeline/archive/ad51a5197ba71b44f27fd760c6c241ac67f0a52f.tar.gz
- completed:
    name: beeline-http-client
    pantry-tree:
      sha256: bf286adfffe7795c07a058a162f112d1fd48f42c4aa72c74e80ac9f8ddd2ed21
      size: 725
    sha256: 24eb20b509eeb14ca9a64d9e9c00cf13b805c178b3a938304f82159cd9d4a6ff
    size: 34812
    subdir: beeline-http-client
    url: https://github.com/flipstone/beeline/archive/ad51a5197ba71b44f27fd760c6c241ac67f0a52f.tar.gz
    version: 0.9.0.1
  original:
    subdir: beeline-http-client
    url: https://github.com/flipstone/beeline/archive/ad51a5197ba71b44f27fd760c6c241ac67f0a52f.tar.gz
- completed:
    name: shrubbery
    pantry-tree:
      sha256: d16c6b171d9b360098760d2c2269ded8eaae823ed9aa5c7a36598673e83fb9e3
      size: 2834
    sha256: 8bb3b52a8f9cb3f6edc5ee0c4584c81187b05966d59d718a247a6707479e2e33
    size: 30344
    url: https://github.com/flipstone/shrubbery/archive/a064ede07e01b753a6eb310fc24d9fd8da1ad826.tar.gz
    version: 0.2.3.1
  original:
    url: https://github.com/flipstone/shrubbery/archive/a064ede07e01b753a6eb310fc24d9fd8da1ad826.tar.gz
- completed:
    hackage: hermes-json-0.7.0.0@sha256:d1fe74cc26fc7c4de12e4eab2bb74cda4eb9b4dc311c297caa23e40bdb1bd3b6,3943
    pantry-tree:
      sha256: 77f7eb467a7a8fdd0b73b2bc1a51c309fd32fbcd063d99a14540cda34f3926c1
      size: 1332
  original:
    hackage: hermes-json-0.7.0.0@sha256:d1fe74cc26fc7c4de12e4eab2bb74cda4eb9b4dc311c297caa23e40bdb1bd3b6,3943
snapshots:
- completed:
    sha256: 7e724f347d5969cb5e8dde9f9aae30996e3231c29d1dafd45f21f1700d4c4fcb
    size: 684460
    url: https://raw.githubusercontent.com/commercialhaskell/stackage-snapshots/master/lts/23/28.yaml
  original: lts-23.28
