# This file was autogenerated by Stack.
# You should not edit this file by hand.
# For more information, please see the documentation at:
#   https://docs.haskellstack.org/en/stable/topics/lock_files

packages:
- completed:
    name: beeline-params
    pantry-tree:
      sha256: 45904abe4737db4c3a8600bb6a2a0900085f58165c03f8e5e1249cbdd04d2bef
      size: 1069
    sha256: 24eb20b509eeb14ca9a64d9e9c00cf13b805c178b3a938304f82159cd9d4a6ff
    size: 34812
    subdir: beeline-params
    url: https://github.com/flipstone/beeline/archive/ad51a5197ba71b44f27fd760c6c241ac67f0a52f.tar.gz
    version: 0.1.0.1
  original:
    subdir: beeline-params
    url: https://github.com/flipstone/beeline/archive/ad51a5197ba71b44f27fd760c6c241ac67f0a52f.tar.gz
- completed:
    name: beeline-routing
    pantry-tree:
      sha256: 447f2eaffee4cc4d8763c89d1f1c80e4b90e73c6556c644c9949d04508ff3cd2
      size: 1119
    sha256: 24eb20b509eeb14ca9a64d9e9c00cf13b805c178b3a938304f82159cd9d4a6ff
    size: 34812
    subdir: beeline-routing
    url: https://github.com/flipstone/beeline/archive/ad51a5197ba71b44f27fd760c6c241ac67f0a52f.tar.gz
    version: 0.3.0.1
  original:
    subdir: beeline-routing
    url: https://github.com/flipstone/beeline/archive/ad51a5197ba71b44f27fd760c6c241ac67f0a52f.tar.gz
- completed:
    name: beeline-http-client
    pantry-tree:
      sha256: bf286adfffe7795c07a058a162f112d1fd48f42c4aa72c74e80ac9f8ddd2ed21
      size: 725
    sha256: 24eb20b509eeb14ca9a64d9e9c00cf13b805c178b3a938304f82159cd9d4a6ff
    size: 34812
    subdir: beeline-http-client
    url: https://github.com/flipstone/beeline/archive/ad51a5197ba71b44f27fd760c6c241ac67f0a52f.tar.gz
    version: 0.9.0.1
  original:
    subdir: beeline-http-client
    url: https://github.com/flipstone/beeline/archive/ad51a5197ba71b44f27fd760c6c241ac67f0a52f.tar.gz
- completed:
    name: shrubbery
    pantry-tree:
      sha256: d16c6b171d9b360098760d2c2269ded8eaae823ed9aa5c7a36598673e83fb9e3
      size: 2834
    sha256: 8bb3b52a8f9cb3f6edc5ee0c4584c81187b05966d59d718a247a6707479e2e33
    size: 30344
    url: https://github.com/flipstone/shrubbery/archive/a064ede07e01b753a6eb310fc24d9fd8da1ad826.tar.gz
    version: 0.2.3.1
  original:
    url: https://github.com/flipstone/shrubbery/archive/a064ede07e01b753a6eb310fc24d9fd8da1ad826.tar.gz
- completed:
    hackage: hermes-json-0.7.0.0@sha256:d1fe74cc26fc7c4de12e4eab2bb74cda4eb9b4dc311c297caa23e40bdb1bd3b6,3943
    pantry-tree:
      sha256: 77f7eb467a7a8fdd0b73b2bc1a51c309fd32fbcd063d99a14540cda34f3926c1
      size: 1332
  original:
    hackage: hermes-json-0.7.0.0@sha256:d1fe74cc26fc7c4de12e4eab2bb74cda4eb9b4dc311c297caa23e40bdb1bd3b6,3943
- completed:
    hackage: openapi3-3.2.4@sha256:7309864a9a59b4654b21ef477444fb26bf8d393eba795dd8de089b368ea74c2a,4982
    pantry-tree:
      sha256: 1ac8db74ee9753398df1b87f2556c83cce42994c3a2c80faa13169ddba250ab0
      size: 2263
  original:
    hackage: openapi3-3.2.4@sha256:7309864a9a59b4654b21ef477444fb26bf8d393eba795dd8de089b368ea74c2a,4982
- completed:
    hackage: swagger2-2.8.10@sha256:e2cd0e2077b3f2571a3bfca2aca0ba03d10086800803d9c0b7bb895f7aad8441,4689
    pantry-tree:
      sha256: 1d9fe7cb9fb7c42425a9bc4fe1bb22ebf51d7dd91c04516117c065afd2392626
      size: 2192
  original:
    hackage: swagger2-2.8.10@sha256:e2cd0e2077b3f2571a3bfca2aca0ba03d10086800803d9c0b7bb895f7aad8441,4689
- completed:
    hackage: QuickCheck-2.15.0.1@sha256:0cfd337bb9e6fbf09255bd24bb498a156f1d9bcd465396ac8657b25034b9ee31,9046
    pantry-tree:
      sha256: 27dddf0b64cc7d7e154326059c89b70da61530c25623af7ef576dd9db0c53821
      size: 2437
  original:
    hackage: QuickCheck-2.15.0.1@sha256:0cfd337bb9e6fbf09255bd24bb498a156f1d9bcd465396ac8657b25034b9ee31,9046
snapshots:
- completed:
    sha256: 3fb5b5166a4665e3b23251fab8fefe0683fd69131773d104e136e45029130109
    size: 696191
    url: https://raw.githubusercontent.com/commercialhaskell/stackage-snapshots/master/nightly/2025/10/6.yaml
  original: nightly-2025-10-06
