# This file was autogenerated by Stack.
# You should not edit this file by hand.
# For more information, please see the documentation at:
#   https://docs.haskellstack.org/en/stable/lock_files

packages:
- completed:
    name: beeline-routing
    pantry-tree:
      sha256: f79fc2e97dfa9147e44cbc6dedb2f9c024e1c2856a0b5a07facfdaa7cd0fd6c6
      size: 1174
    sha256: 6f8428e62267150a960c41f59e1000b70c28c40d22b01a241c0d120775af5e43
    size: 24689
    subdir: beeline-routing
    url: https://github.com/flipstone/beeline/archive/47d1fe37ef10368cb1ed9ddcd7781f58c80a96b8.tar.gz
    version: 0.2.4.0
  original:
    subdir: beeline-routing
    url: https://github.com/flipstone/beeline/archive/47d1fe37ef10368cb1ed9ddcd7781f58c80a96b8.tar.gz
- completed:
    name: beeline-http-client
    pantry-tree:
      sha256: afb20a23917633dfdc5486359cc65217df3eab2089ecd428a11d1f021a4715eb
      size: 718
    sha256: 6f8428e62267150a960c41f59e1000b70c28c40d22b01a241c0d120775af5e43
    size: 24689
    subdir: beeline-http-client
    url: https://github.com/flipstone/beeline/archive/47d1fe37ef10368cb1ed9ddcd7781f58c80a96b8.tar.gz
    version: 0.8.0.0
  original:
    subdir: beeline-http-client
    url: https://github.com/flipstone/beeline/archive/47d1fe37ef10368cb1ed9ddcd7781f58c80a96b8.tar.gz
- completed:
    name: shrubbery
    pantry-tree:
      sha256: 39ce7cb2d835d5b80e8085a1ba776d09c29df63c2d20b1fc74ac4bf034174241
      size: 1739
    sha256: d7efa64a63aba7f7e77fedb81c461a0a50344ba7a45a44ad447a2dd721cc70ac
    size: 25629
    url: https://github.com/flipstone/shrubbery/archive/95c5bf28d03ed8b4df163a98b878fa515bf40604.tar.gz
    version: 0.2.2.0
  original:
    url: https://github.com/flipstone/shrubbery/archive/95c5bf28d03ed8b4df163a98b878fa515bf40604.tar.gz
- completed:
    hackage: hermes-json-0.6.1.0@sha256:ab54609e63a83a8e07900360de60ba1e197ea499fa5d3eb782eed980ee07545b,3856
    pantry-tree:
      sha256: f7d164e4949316aec0ec1364fcaa2b7bcb52249c60d0ecb5f323d91d3a22b75b
      size: 1387
  original:
    hackage: hermes-json-0.6.1.0@sha256:ab54609e63a83a8e07900360de60ba1e197ea499fa5d3eb782eed980ee07545b,3856
snapshots:
- completed:
    sha256: 6c5aeace2ca5ecde793a9e0acfaa730ec8f384aa2f6183a2a252f5f9ec55d623
    size: 720039
    url: https://raw.githubusercontent.com/commercialhaskell/stackage-snapshots/master/lts/22/39.yaml
  original: lts-22.39
