# This file was autogenerated by Stack.
# You should not edit this file by hand.
# For more information, please see the documentation at:
#   https://docs.haskellstack.org/en/stable/topics/lock_files

packages:
- completed:
    name: beeline-params
    pantry-tree:
      sha256: 3d0f582f02c160404ea013af8cc1ecd3f7ba6687afba3a6c19fc9e27b092d011
      size: 1069
    sha256: ed2f434a2fbd42ed7fbdfa0cde8ab6db208cbc13c8ae4e4c9de492732c3a8e3a
    size: 35186
    subdir: beeline-params
    url: https://github.com/flipstone/beeline/archive/135da92b069d5c25d58539fd9b1ade538a4fbb67.tar.gz
    version: 0.1.0.1
  original:
    subdir: beeline-params
    url: https://github.com/flipstone/beeline/archive/135da92b069d5c25d58539fd9b1ade538a4fbb67.tar.gz
- completed:
    name: beeline-routing
    pantry-tree:
      sha256: 2832ddde0518d133fe10496c3e70ee4c91ea2d6c7fafa19f11c9867c9d5bf036
      size: 1119
    sha256: ed2f434a2fbd42ed7fbdfa0cde8ab6db208cbc13c8ae4e4c9de492732c3a8e3a
    size: 35186
    subdir: beeline-routing
    url: https://github.com/flipstone/beeline/archive/135da92b069d5c25d58539fd9b1ade538a4fbb67.tar.gz
    version: 0.3.0.2
  original:
    subdir: beeline-routing
    url: https://github.com/flipstone/beeline/archive/135da92b069d5c25d58539fd9b1ade538a4fbb67.tar.gz
- completed:
    name: beeline-http-client
    pantry-tree:
      sha256: 4bcdc6705d314e3168b3383aec5fe0a083d7129eb03b1f718f20449f757496fe
      size: 725
    sha256: ed2f434a2fbd42ed7fbdfa0cde8ab6db208cbc13c8ae4e4c9de492732c3a8e3a
    size: 35186
    subdir: beeline-http-client
    url: https://github.com/flipstone/beeline/archive/135da92b069d5c25d58539fd9b1ade538a4fbb67.tar.gz
    version: 0.9.0.2
  original:
    subdir: beeline-http-client
    url: https://github.com/flipstone/beeline/archive/135da92b069d5c25d58539fd9b1ade538a4fbb67.tar.gz
- completed:
    name: shrubbery
    pantry-tree:
      sha256: d16c6b171d9b360098760d2c2269ded8eaae823ed9aa5c7a36598673e83fb9e3
      size: 2834
    sha256: 8bb3b52a8f9cb3f6edc5ee0c4584c81187b05966d59d718a247a6707479e2e33
    size: 30344
    url: https://github.com/flipstone/shrubbery/archive/a064ede07e01b753a6eb310fc24d9fd8da1ad826.tar.gz
    version: 0.2.3.1
  original:
    url: https://github.com/flipstone/shrubbery/archive/a064ede07e01b753a6eb310fc24d9fd8da1ad826.tar.gz
- completed:
    name: bounded-text
    pantry-tree:
      sha256: e98540b1877ae4709420472f83e8fd04b987eaeb914df72bb33b0bbe55debac2
      size: 2162
    sha256: 29c500737d8e481fe2e3325fe643a9cafc565ffd06b754bf14219f579d927f5d
    size: 11885
    url: https://github.com/flipstone/bounded-text/archive/3ef94eeda5402857423284d0c4e021a8c8032498.tar.gz
    version: 0.1.2.0
  original:
    url: https://github.com/flipstone/bounded-text/archive/3ef94eeda5402857423284d0c4e021a8c8032498.tar.gz
- completed:
    hackage: template-haskell-lift-0.1.0.0@sha256:f6cd3ee45b0c68480c400bfca9f08f39e8e87a5eb823f206dbe06ab1923a4f1c,1136
    pantry-tree:
      sha256: 56ab994094c839bebb643ce5fc58dfae6269517ebe91f380e259adaf1def08bf
      size: 243
  original:
    hackage: template-haskell-lift-0.1.0.0
- completed:
    hackage: template-haskell-quasiquoter-0.1.0.0@sha256:71027c432c0fb1a293d0f2b1d46dd5be42b9703b7c4b2233ea8076bfc6f84aae,1181
    pantry-tree:
      sha256: f9f5177a522cc273c001dd5bd749e4f7ed841910c6136711b9b9825bc0bc9c56
      size: 257
  original:
    hackage: template-haskell-quasiquoter-0.1.0.0
- completed:
    hackage: hermes-json-0.7.0.0@sha256:d1fe74cc26fc7c4de12e4eab2bb74cda4eb9b4dc311c297caa23e40bdb1bd3b6,3943
    pantry-tree:
      sha256: 77f7eb467a7a8fdd0b73b2bc1a51c309fd32fbcd063d99a14540cda34f3926c1
      size: 1332
  original:
    hackage: hermes-json-0.7.0.0@sha256:d1fe74cc26fc7c4de12e4eab2bb74cda4eb9b4dc311c297caa23e40bdb1bd3b6,3943
snapshots:
- completed:
    sha256: 238fa745b64f91184f9aa518fe04bdde6552533d169b0da5256670df83a0f1a9
    size: 721141
    url: https://raw.githubusercontent.com/commercialhaskell/stackage-snapshots/master/lts/22/44.yaml
  original: lts-22.44
