# This file was autogenerated by Stack.
# You should not edit this file by hand.
# For more information, please see the documentation at:
#   https://docs.haskellstack.org/en/stable/topics/lock_files

packages:
- completed:
    name: beeline-params
    pantry-tree:
      sha256: 3d0f582f02c160404ea013af8cc1ecd3f7ba6687afba3a6c19fc9e27b092d011
      size: 1069
    sha256: ed2f434a2fbd42ed7fbdfa0cde8ab6db208cbc13c8ae4e4c9de492732c3a8e3a
    size: 35186
    subdir: beeline-params
    url: https://github.com/flipstone/beeline/archive/135da92b069d5c25d58539fd9b1ade538a4fbb67.tar.gz
    version: 0.1.0.1
  original:
    subdir: beeline-params
    url: https://github.com/flipstone/beeline/archive/135da92b069d5c25d58539fd9b1ade538a4fbb67.tar.gz
- completed:
    name: beeline-routing
    pantry-tree:
      sha256: 2832ddde0518d133fe10496c3e70ee4c91ea2d6c7fafa19f11c9867c9d5bf036
      size: 1119
    sha256: ed2f434a2fbd42ed7fbdfa0cde8ab6db208cbc13c8ae4e4c9de492732c3a8e3a
    size: 35186
    subdir: beeline-routing
    url: https://github.com/flipstone/beeline/archive/135da92b069d5c25d58539fd9b1ade538a4fbb67.tar.gz
    version: 0.3.0.2
  original:
    subdir: beeline-routing
    url: https://github.com/flipstone/beeline/archive/135da92b069d5c25d58539fd9b1ade538a4fbb67.tar.gz
- completed:
    name: beeline-http-client
    pantry-tree:
      sha256: 4bcdc6705d314e3168b3383aec5fe0a083d7129eb03b1f718f20449f757496fe
      size: 725
    sha256: ed2f434a2fbd42ed7fbdfa0cde8ab6db208cbc13c8ae4e4c9de492732c3a8e3a
    size: 35186
    subdir: beeline-http-client
    url: https://github.com/flipstone/beeline/archive/135da92b069d5c25d58539fd9b1ade538a4fbb67.tar.gz
    version: 0.9.0.2
  original:
    subdir: beeline-http-client
    url: https://github.com/flipstone/beeline/archive/135da92b069d5c25d58539fd9b1ade538a4fbb67.tar.gz
- completed:
    name: shrubbery
    pantry-tree:
      sha256: d16c6b171d9b360098760d2c2269ded8eaae823ed9aa5c7a36598673e83fb9e3
      size: 2834
    sha256: 8bb3b52a8f9cb3f6edc5ee0c4584c81187b05966d59d718a247a6707479e2e33
    size: 30344
    url: https://github.com/flipstone/shrubbery/archive/a064ede07e01b753a6eb310fc24d9fd8da1ad826.tar.gz
    version: 0.2.3.1
  original:
    url: https://github.com/flipstone/shrubbery/archive/a064ede07e01b753a6eb310fc24d9fd8da1ad826.tar.gz
- completed:
    hackage: non-empty-text-0.2.1@sha256:df9629af4ad53af59dc0bfb5995c0500aaa656c884485560e9115152f7495c20,2438
    pantry-tree:
      sha256: d8304ffcf168785e1a9d91c9f49bec92eacb43890ad31a48893861ff8de223ed
      size: 400
  original:
    hackage: non-empty-text-0.2.1@sha256:df9629af4ad53af59dc0bfb5995c0500aaa656c884485560e9115152f7495c20,2438
snapshots:
- completed:
    sha256: afd5ba64ab602cabc2d3942d3d7e7dd6311bc626dcb415b901eaf576cb62f0ea
    size: 640060
    url: https://raw.githubusercontent.com/commercialhaskell/stackage-snapshots/master/lts/21/22.yaml
  original: lts-21.22
