# This file was autogenerated by Stack.
# You should not edit this file by hand.
# For more information, please see the documentation at:
#   https://docs.haskellstack.org/en/stable/lock_files

packages:
- completed:
    commit: 5545ee24e04cebd2182a924033fa174381591107
    git: https://github.com/flipstone/beeline
    name: beeline-routing
    pantry-tree:
      sha256: f79fc2e97dfa9147e44cbc6dedb2f9c024e1c2856a0b5a07facfdaa7cd0fd6c6
      size: 1174
    subdir: beeline-routing
    version: 0.2.4.0
  original:
    commit: 5545ee24e04cebd2182a924033fa174381591107
    git: https://github.com/flipstone/beeline
    subdir: beeline-routing
- completed:
    commit: 5545ee24e04cebd2182a924033fa174381591107
    git: https://github.com/flipstone/beeline
    name: beeline-http-client
    pantry-tree:
      sha256: 003653d3a0cfe9ead5e3e98ef277d32e9ac2000b4079069820b1d6cb597b9790
      size: 718
    subdir: beeline-http-client
    version: 0.8.0.0
  original:
    commit: 5545ee24e04cebd2182a924033fa174381591107
    git: https://github.com/flipstone/beeline
    subdir: beeline-http-client
- completed:
    commit: 730255546c2eb99071380db44b5e349318dead68
    git: https://github.com/flipstone/shrubbery
    name: shrubbery
    pantry-tree:
      sha256: f6778fb34b67dd92ed69d302377b1873a29ce8b29bae5ffcca4ef3bb20f11dd4
      size: 1737
    version: 0.2.0.0
  original:
    commit: 730255546c2eb99071380db44b5e349318dead68
    git: https://github.com/flipstone/shrubbery
- completed:
    hackage: non-empty-text-0.2.0@sha256:7d1c1f9a11c78c00c656269f940d2fcccd3c2eaf6b619f66bb83a9ea72decc1f,2438
    pantry-tree:
      sha256: 303f637d7ca4c4573c8d861282b07b172959c8d3f3aa531b0462f3d08b9669d1
      size: 400
  original:
    hackage: non-empty-text-0.2.0@sha256:7d1c1f9a11c78c00c656269f940d2fcccd3c2eaf6b619f66bb83a9ea72decc1f,2438
snapshots:
- completed:
    sha256: fb482b8e2d5d061cdda4ba1da2957c012740c893a5ee1c1b99001adae7b1fbe7
    size: 640046
    url: https://raw.githubusercontent.com/commercialhaskell/stackage-snapshots/master/lts/21/19.yaml
  original:
    url: https://raw.githubusercontent.com/commercialhaskell/stackage-snapshots/master/lts/21/19.yaml
