# This file was autogenerated by Stack.
# You should not edit this file by hand.
# For more information, please see the documentation at:
#   https://docs.haskellstack.org/en/stable/topics/lock_files

packages:
- completed:
    name: beeline-params
    pantry-tree:
      sha256: d0db931040ec4773c3af456cad1ef600ed35438b23d3a1c7d15c2ad57b194558
      size: 1210
    sha256: 225c76196f47339865086c6485e2e387894fd98e22177ac0c25181794aa0021d
    size: 36266
    subdir: beeline-params
    url: https://github.com/flipstone/beeline/archive/0b2536c63089ca6bd8f4872787261f4cabe0be61.tar.gz
    version: 0.2.0.0
  original:
    subdir: beeline-params
    url: https://github.com/flipstone/beeline/archive/0b2536c63089ca6bd8f4872787261f4cabe0be61.tar.gz
- completed:
    name: beeline-routing
    pantry-tree:
      sha256: ac9788a17532bdb3b7e77c7324e8f78f4f65ff12fe8828dfee16960aea2ba246
      size: 1119
    sha256: 225c76196f47339865086c6485e2e387894fd98e22177ac0c25181794aa0021d
    size: 36266
    subdir: beeline-routing
    url: https://github.com/flipstone/beeline/archive/0b2536c63089ca6bd8f4872787261f4cabe0be61.tar.gz
    version: 0.3.0.2
  original:
    subdir: beeline-routing
    url: https://github.com/flipstone/beeline/archive/0b2536c63089ca6bd8f4872787261f4cabe0be61.tar.gz
- completed:
    name: beeline-http-client
    pantry-tree:
      sha256: f15d423a64227d7bf1b2f8cc32f124eafb4e2af3b436350c551998d21178175e
      size: 725
    sha256: 225c76196f47339865086c6485e2e387894fd98e22177ac0c25181794aa0021d
    size: 36266
    subdir: beeline-http-client
    url: https://github.com/flipstone/beeline/archive/0b2536c63089ca6bd8f4872787261f4cabe0be61.tar.gz
    version: 0.9.0.2
  original:
    subdir: beeline-http-client
    url: https://github.com/flipstone/beeline/archive/0b2536c63089ca6bd8f4872787261f4cabe0be61.tar.gz
- completed:
    name: bounded-text
    pantry-tree:
      sha256: e98540b1877ae4709420472f83e8fd04b987eaeb914df72bb33b0bbe55debac2
      size: 2162
    sha256: 29c500737d8e481fe2e3325fe643a9cafc565ffd06b754bf14219f579d927f5d
    size: 11885
    url: https://github.com/flipstone/bounded-text/archive/3ef94eeda5402857423284d0c4e021a8c8032498.tar.gz
    version: 0.1.2.0
  original:
    url: https://github.com/flipstone/bounded-text/archive/3ef94eeda5402857423284d0c4e021a8c8032498.tar.gz
- completed:
    name: shrubbery
    pantry-tree:
      sha256: d16c6b171d9b360098760d2c2269ded8eaae823ed9aa5c7a36598673e83fb9e3
      size: 2834
    sha256: 8bb3b52a8f9cb3f6edc5ee0c4584c81187b05966d59d718a247a6707479e2e33
    size: 30344
    url: https://github.com/flipstone/shrubbery/archive/a064ede07e01b753a6eb310fc24d9fd8da1ad826.tar.gz
    version: 0.2.3.1
  original:
    url: https://github.com/flipstone/shrubbery/archive/a064ede07e01b753a6eb310fc24d9fd8da1ad826.tar.gz
- completed:
    hackage: template-haskell-lift-0.1.0.0@sha256:f6cd3ee45b0c68480c400bfca9f08f39e8e87a5eb823f206dbe06ab1923a4f1c,1136
    pantry-tree:
      sha256: 56ab994094c839bebb643ce5fc58dfae6269517ebe91f380e259adaf1def08bf
      size: 243
  original:
    hackage: template-haskell-lift-0.1.0.0
- completed:
    hackage: template-haskell-quasiquoter-0.1.0.0@sha256:71027c432c0fb1a293d0f2b1d46dd5be42b9703b7c4b2233ea8076bfc6f84aae,1181
    pantry-tree:
      sha256: f9f5177a522cc273c001dd5bd749e4f7ed841910c6136711b9b9825bc0bc9c56
      size: 257
  original:
    hackage: template-haskell-quasiquoter-0.1.0.0
- completed:
    hackage: non-empty-text-0.2.1@sha256:df9629af4ad53af59dc0bfb5995c0500aaa656c884485560e9115152f7495c20,2438
    pantry-tree:
      sha256: d8304ffcf168785e1a9d91c9f49bec92eacb43890ad31a48893861ff8de223ed
      size: 400
  original:
    hackage: non-empty-text-0.2.1@sha256:df9629af4ad53af59dc0bfb5995c0500aaa656c884485560e9115152f7495c20,2438
snapshots:
- completed:
    sha256: afd5ba64ab602cabc2d3942d3d7e7dd6311bc626dcb415b901eaf576cb62f0ea
    size: 640060
    url: https://raw.githubusercontent.com/commercialhaskell/stackage-snapshots/master/lts/21/22.yaml
  original: lts-21.22
