# This file was autogenerated by Stack.
# You should not edit this file by hand.
# For more information, please see the documentation at:
#   https://docs.haskellstack.org/en/stable/lock_files

packages:
- completed:
    commit: cbc8f138708d0404c18598a70d24cccde3545234
    git: https://github.com/flipstone/beeline
    name: beeline-routing
    pantry-tree:
      sha256: f92a4e102a6ee4da494579778234dd86f228a9bb9fc945919f42764d11372516
      size: 1174
    subdir: beeline-routing
    version: 0.2.4.0
  original:
    commit: cbc8f138708d0404c18598a70d24cccde3545234
    git: https://github.com/flipstone/beeline
    subdir: beeline-routing
- completed:
    commit: cbc8f138708d0404c18598a70d24cccde3545234
    git: https://github.com/flipstone/beeline
    name: beeline-http-client
    pantry-tree:
      sha256: 003653d3a0cfe9ead5e3e98ef277d32e9ac2000b4079069820b1d6cb597b9790
      size: 718
    subdir: beeline-http-client
    version: 0.8.0.0
  original:
    commit: cbc8f138708d0404c18598a70d24cccde3545234
    git: https://github.com/flipstone/beeline
    subdir: beeline-http-client
- completed:
    commit: 253a5a954b9117df6b06e32e955f293813db2489
    git: https://github.com/flipstone/shrubbery
    name: shrubbery
    pantry-tree:
      sha256: dc804a41ddb2243d457b627953134352a45454cd43e4ed892ced0cf0a1ef7502
      size: 1605
    version: 0.1.2.0
  original:
    commit: 253a5a954b9117df6b06e32e955f293813db2489
    git: https://github.com/flipstone/shrubbery
- completed:
    hackage: non-empty-text-0.2.0@sha256:7d1c1f9a11c78c00c656269f940d2fcccd3c2eaf6b619f66bb83a9ea72decc1f,2438
    pantry-tree:
      sha256: 303f637d7ca4c4573c8d861282b07b172959c8d3f3aa531b0462f3d08b9669d1
      size: 400
  original:
    hackage: non-empty-text-0.2.0@sha256:7d1c1f9a11c78c00c656269f940d2fcccd3c2eaf6b619f66bb83a9ea72decc1f,2438
snapshots:
- completed:
    sha256: 2fc12a405ab6f7eac73eb11a0ca5ccca0e956bd2848db780c140b7406ff9ebb5
    size: 640035
    url: https://raw.githubusercontent.com/commercialhaskell/stackage-snapshots/master/lts/21/9.yaml
  original:
    url: https://raw.githubusercontent.com/commercialhaskell/stackage-snapshots/master/lts/21/9.yaml
