# This file was autogenerated by Stack.
# You should not edit this file by hand.
# For more information, please see the documentation at:
#   https://docs.haskellstack.org/en/stable/lock_files

packages:
- completed:
    name: beeline-params
    pantry-tree:
      sha256: 8faa11dd459d256d929f0010ffe6992889609b0483132e79edae2d1064ee69ec
      size: 1069
    sha256: bbf22cf02c77397fd93c6d8f2aaa78f6c0a50d8f07c55a81d61d0af044a03c2b
    size: 34577
    subdir: beeline-params
    url: https://github.com/flipstone/beeline/archive/aba7c2d5e886b7c072cc0fecd8bd1a610af813c7.tar.gz
    version: 0.1.0.0
  original:
    subdir: beeline-params
    url: https://github.com/flipstone/beeline/archive/aba7c2d5e886b7c072cc0fecd8bd1a610af813c7.tar.gz
- completed:
    name: beeline-routing
    pantry-tree:
      sha256: dbaa3c715f4f7235d75e34dd717c308b5c5e6fd21170fcea3583ab26a4d5e26e
      size: 1119
    sha256: bbf22cf02c77397fd93c6d8f2aaa78f6c0a50d8f07c55a81d61d0af044a03c2b
    size: 34577
    subdir: beeline-routing
    url: https://github.com/flipstone/beeline/archive/aba7c2d5e886b7c072cc0fecd8bd1a610af813c7.tar.gz
    version: 0.3.0.0
  original:
    subdir: beeline-routing
    url: https://github.com/flipstone/beeline/archive/aba7c2d5e886b7c072cc0fecd8bd1a610af813c7.tar.gz
- completed:
    name: beeline-http-client
    pantry-tree:
      sha256: 66784185037bacd0b0972c045fba67c46194a06348b6918f63023598b221b75f
      size: 725
    sha256: bbf22cf02c77397fd93c6d8f2aaa78f6c0a50d8f07c55a81d61d0af044a03c2b
    size: 34577
    subdir: beeline-http-client
    url: https://github.com/flipstone/beeline/archive/aba7c2d5e886b7c072cc0fecd8bd1a610af813c7.tar.gz
    version: 0.9.0.0
  original:
    subdir: beeline-http-client
    url: https://github.com/flipstone/beeline/archive/aba7c2d5e886b7c072cc0fecd8bd1a610af813c7.tar.gz
- completed:
    name: shrubbery
    pantry-tree:
      sha256: 1c4db8a171cbf61e10afa09be518ce3e3c834988e605dc4ddccb8fc635d4eb8b
      size: 1799
    sha256: c935a9fbfc3a31c383862b575ff7e085dd1833b609fbf257952d32033f39672e
    size: 26905
    url: https://github.com/flipstone/shrubbery/archive/ae5c282af3029179d5ab43a927aecbc8e44971e4.tar.gz
    version: 0.2.3.0
  original:
    url: https://github.com/flipstone/shrubbery/archive/ae5c282af3029179d5ab43a927aecbc8e44971e4.tar.gz
snapshots:
- completed:
    sha256: 6c5aeace2ca5ecde793a9e0acfaa730ec8f384aa2f6183a2a252f5f9ec55d623
    size: 720039
    url: https://raw.githubusercontent.com/commercialhaskell/stackage-snapshots/master/lts/22/39.yaml
  original: lts-22.39
